// !$*UTF8*$!
{
	archiveVersion = 1;
	classes = {
	};
	objectVersion = 70;
	objects = {

/* Begin PBXBuildFile section */
		4FAUDIT012F1A000000000001 /* InitialLocationModifier.swift in Sources */ = {isa = PBXBuildFile; fileRef = 4FAUDIT002F1A000000000001 /* InitialLocationModifier.swift */; };
		4F095CAF2F16E92F001D059A /* UnifiedCluster.swift in Sources */ = {isa = PBXBuildFile; fileRef = 4F095CAE2F16E92F001D059A /* UnifiedCluster.swift */; };
		4F095CB22F16EA78001D059A /* ViewportFilter.swift in Sources */ = {isa = PBXBuildFile; fileRef = 4F095CB02F16EA78001D059A /* ViewportFilter.swift */; };
		4F38BD202F1591C000E05786 /* BusLine.swift in Sources */ = {isa = PBXBuildFile; fileRef = 4F38BD1F2F1591C000E05786 /* BusLine.swift */; };
		4F38BD222F1591C900E05786 /* BusLineService.swift in Sources */ = {isa = PBXBuildFile; fileRef = 4F38BD212F1591C900E05786 /* BusLineService.swift */; };
		4F38BD242F159CBE00E05786 /* MetroLineService.swift in Sources */ = {isa = PBXBuildFile; fileRef = 4F38BD232F159CBE00E05786 /* MetroLineService.swift */; };
		4F38BD262F159CCA00E05786 /* MetroLine.swift in Sources */ = {isa = PBXBuildFile; fileRef = 4F38BD252F159CCA00E05786 /* MetroLine.swift */; };
		4F38BD282F15B0AC00E05786 /* Travaux.swift in Sources */ = {isa = PBXBuildFile; fileRef = 4F38BD272F15B0AC00E05786 /* Travaux.swift */; };
		4F38BD2A2F15B0BB00E05786 /* TravauxService.swift in Sources */ = {isa = PBXBuildFile; fileRef = 4F38BD292F15B0BB00E05786 /* TravauxService.swift */; };
		4F38BD2E2F15B0E200E05786 /* TravauxViewModel.swift in Sources */ = {isa = PBXBuildFile; fileRef = 4F38BD2D2F15B0E200E05786 /* TravauxViewModel.swift */; };
		4F38BD302F15B17000E05786 /* TravauxMapView.swift in Sources */ = {isa = PBXBuildFile; fileRef = 4F38BD2F2F15B17000E05786 /* TravauxMapView.swift */; };
		4F39DE032F1BABC200F24E3D /* NetworkConfiguration.swift in Sources */ = {isa = PBXBuildFile; fileRef = 4F39DE022F1BABC200F24E3D /* NetworkConfiguration.swift */; };
		4F9DFF9A2F14577200E01BFB /* ParkingMapView.swift in Sources */ = {isa = PBXBuildFile; fileRef = 4F9DFF992F14577200E01BFB /* ParkingMapView.swift */; };
		4F9DFF9D2F1457E200E01BFB /* Parking.swift in Sources */ = {isa = PBXBuildFile; fileRef = 4F9DFF9C2F1457E200E01BFB /* Parking.swift */; };
		4F9DFFA02F1457EE00E01BFB /* FavoriteLinesService.swift in Sources */ = {isa = PBXBuildFile; fileRef = 4F9DFF9E2F1457EE00E01BFB /* FavoriteLinesService.swift */; };
		4F9DFFA12F1457EE00E01BFB /* ParkingService.swift in Sources */ = {isa = PBXBuildFile; fileRef = 4F9DFF9F2F1457EE00E01BFB /* ParkingService.swift */; };
		4F9DFFA32F1457F900E01BFB /* ParkingViewModel.swift in Sources */ = {isa = PBXBuildFile; fileRef = 4F9DFFA22F1457F900E01BFB /* ParkingViewModel.swift */; };
		4F9DFFA72F14667B00E01BFB /* Stop.swift in Sources */ = {isa = PBXBuildFile; fileRef = 4F9DFFA62F14667B00E01BFB /* Stop.swift */; };
		4F9DFFB92F146B6F00E01BFB /* tcl_stops.json in Resources */ = {isa = PBXBuildFile; fileRef = 4F9DFFB82F146B6F00E01BFB /* tcl_stops.json */; };
		4F9DFFBB2F146D4B00E01BFB /* SettingsView.swift in Sources */ = {isa = PBXBuildFile; fileRef = 4F9DFFBA2F146D4B00E01BFB /* SettingsView.swift */; };
		4F9DFFC72F146EFE00E01BFB /* WidgetKit.framework in Frameworks */ = {isa = PBXBuildFile; fileRef = 4F9DFFC62F146EFE00E01BFB /* WidgetKit.framework */; };
		4F9DFFC92F146EFE00E01BFB /* SwiftUI.framework in Frameworks */ = {isa = PBXBuildFile; fileRef = 4F9DFFC82F146EFE00E01BFB /* SwiftUI.framework */; };
		4F9DFFDA2F146F0100E01BFB /* AlerteTCLWidgetExtension.appex in Embed Foundation Extensions */ = {isa = PBXBuildFile; fileRef = 4F9DFFC42F146EFE00E01BFB /* AlerteTCLWidgetExtension.appex */; settings = {ATTRIBUTES = (RemoveHeadersOnCopy, ); }; };
		4F9DFFEB2F147FA400E01BFB /* RecentItemsService.swift in Sources */ = {isa = PBXBuildFile; fileRef = 4F9DFFEA2F147FA400E01BFB /* RecentItemsService.swift */; };
		4FCB1FC62F1EC6D90031B71E /* SpatialTileCache.swift in Sources */ = {isa = PBXBuildFile; fileRef = 4FCB1FC52F1EC6D90031B71E /* SpatialTileCache.swift */; };
		4FCB1FC82F1EC8B60031B71E /* PerformanceOptimizations.swift in Sources */ = {isa = PBXBuildFile; fileRef = 4FCB1FC72F1EC8B60031B71E /* PerformanceOptimizations.swift */; };
		4FCB1FCA2F1ECA340031B71E /* SecretsManager.swift in Sources */ = {isa = PBXBuildFile; fileRef = 4FCB1FC92F1ECA340031B71E /* SecretsManager.swift */; };
		4FCD05DF2F1704F700390BE1 /* TransitStopService.swift in Sources */ = {isa = PBXBuildFile; fileRef = 4FCD05DE2F1704F700390BE1 /* TransitStopService.swift */; };
		4FCD05E12F17051200390BE1 /* TransitStop.swift in Sources */ = {isa = PBXBuildFile; fileRef = 4FCD05E02F17051200390BE1 /* TransitStop.swift */; };
		4FCD05E32F17056D00390BE1 /* TransitStopViews.swift in Sources */ = {isa = PBXBuildFile; fileRef = 4FCD05E22F17056D00390BE1 /* TransitStopViews.swift */; };
		4FD305012F1E5FC300EAFA92 /* TaskTimeout.swift in Sources */ = {isa = PBXBuildFile; fileRef = 4FD305002F1E5FC300EAFA92 /* TaskTimeout.swift */; };
		4FD305032F1E60AE00EAFA92 /* DataSourceStatus.swift in Sources */ = {isa = PBXBuildFile; fileRef = 4FD305022F1E60AE00EAFA92 /* DataSourceStatus.swift */; };
		4FD305052F1E60C600EAFA92 /* DataSourceErrorsSheet.swift in Sources */ = {isa = PBXBuildFile; fileRef = 4FD305042F1E60C600EAFA92 /* DataSourceErrorsSheet.swift */; };
		4FD3050B2F1E686900EAFA92 /* WidgetStopStorage.swift in Sources */ = {isa = PBXBuildFile; fileRef = 4FD3050A2F1E686900EAFA92 /* WidgetStopStorage.swift */; };
		4FD3050D2F1E68CB00EAFA92 /* WidgetStopSelectionView.swift in Sources */ = {isa = PBXBuildFile; fileRef = 4FD3050C2F1E68CB00EAFA92 /* WidgetStopSelectionView.swift */; };
		AAA00001 /* AlerteTCLApp.swift in Sources */ = {isa = PBXBuildFile; fileRef = AAA00011 /* AlerteTCLApp.swift */; };
		AAA00002 /* ContentView.swift in Sources */ = {isa = PBXBuildFile; fileRef = AAA00012 /* ContentView.swift */; };
		AAA00003 /* Assets.xcassets in Resources */ = {isa = PBXBuildFile; fileRef = AAA00013 /* Assets.xcassets */; };
		AAA00004 /* Alert.swift in Sources */ = {isa = PBXBuildFile; fileRef = AAA00014 /* Alert.swift */; };
		AAA00005 /* TransportLine.swift in Sources */ = {isa = PBXBuildFile; fileRef = AAA00015 /* TransportLine.swift */; };
		AAA00006 /* TCLAPIService.swift in Sources */ = {isa = PBXBuildFile; fileRef = AAA00016 /* TCLAPIService.swift */; };
		AAA00007 /* NotificationService.swift in Sources */ = {isa = PBXBuildFile; fileRef = AAA00017 /* NotificationService.swift */; };
		AAA00008 /* SubscriptionService.swift in Sources */ = {isa = PBXBuildFile; fileRef = AAA00018 /* SubscriptionService.swift */; };
		AAA00009 /* AlertViewModel.swift in Sources */ = {isa = PBXBuildFile; fileRef = AAA00019 /* AlertViewModel.swift */; };
		AAA0000A /* AlertsView.swift in Sources */ = {isa = PBXBuildFile; fileRef = AAA0001A /* AlertsView.swift */; };
		AAA0000B /* LinesListView.swift in Sources */ = {isa = PBXBuildFile; fileRef = AAA0001B /* LinesListView.swift */; };
		AAA0000C /* SubscriptionsView.swift in Sources */ = {isa = PBXBuildFile; fileRef = AAA0001C /* SubscriptionsView.swift */; };
		AAA0000D /* LineRow.swift in Sources */ = {isa = PBXBuildFile; fileRef = AAA0001D /* LineRow.swift */; };
		AAA0000E /* AlertCard.swift in Sources */ = {isa = PBXBuildFile; fileRef = AAA0001E /* AlertCard.swift */; };
		AAA0000F /* NotificationPermissionView.swift in Sources */ = {isa = PBXBuildFile; fileRef = AAA00020 /* NotificationPermissionView.swift */; };
		AAA00023 /* StatCard.swift in Sources */ = {isa = PBXBuildFile; fileRef = AAA00021 /* StatCard.swift */; };
		AAA00024 /* Vehicle.swift in Sources */ = {isa = PBXBuildFile; fileRef = AAA00025 /* Vehicle.swift */; };
		AAA00026 /* SIRILiteService.swift in Sources */ = {isa = PBXBuildFile; fileRef = AAA00027 /* SIRILiteService.swift */; };
		AAA00028 /* LiveVehiclesViewModel.swift in Sources */ = {isa = PBXBuildFile; fileRef = AAA00029 /* LiveVehiclesViewModel.swift */; };
		AAA0002A /* LiveMapView.swift in Sources */ = {isa = PBXBuildFile; fileRef = AAA0002B /* LiveMapView.swift */; };
		AAA0002C /* AnimatedVehicle.swift in Sources */ = {isa = PBXBuildFile; fileRef = AAA0002D /* AnimatedVehicle.swift */; };
		AAA0002E /* LocationService.swift in Sources */ = {isa = PBXBuildFile; fileRef = AAA0002F /* LocationService.swift */; };
		AAA00039 /* LocationPermissionView.swift in Sources */ = {isa = PBXBuildFile; fileRef = AAA00031 /* LocationPermissionView.swift */; };
		ADE67FC62F9419ED0003ADB9 /* Secrets.swift in Sources */ = {isa = PBXBuildFile; fileRef = ADE67FC52F9419ED0003ADB9 /* Secrets.swift */; };
		ADE67FCB2F941A6D0003ADB9 /* Secrets.swift in Sources */ = {isa = PBXBuildFile; fileRef = ADE67FCA2F941A6D0003ADB9 /* Secrets.swift */; };
/* End PBXBuildFile section */

/* Begin PBXContainerItemProxy section */
		4F9DFFD82F146F0100E01BFB /* PBXContainerItemProxy */ = {
			isa = PBXContainerItemProxy;
			containerPortal = AAA00050 /* Project object */;
			proxyType = 1;
			remoteGlobalIDString = 4F9DFFC32F146EFE00E01BFB;
			remoteInfo = AlerteTCLWidgetExtension;
		};
		4F9DFFE42F14764800E01BFB /* PBXContainerItemProxy */ = {
			isa = PBXContainerItemProxy;
			containerPortal = AAA00050 /* Project object */;
			proxyType = 1;
			remoteGlobalIDString = 4F9DFFC32F146EFE00E01BFB;
			remoteInfo = AlerteTCLWidgetExtension;
		};
		4F9DFFE62F14783C00E01BFB /* PBXContainerItemProxy */ = {
			isa = PBXContainerItemProxy;
			containerPortal = AAA00050 /* Project object */;
			proxyType = 1;
			remoteGlobalIDString = 4F9DFFC32F146EFE00E01BFB;
			remoteInfo = AlerteTCLWidgetExtension;
		};
/* End PBXContainerItemProxy section */

/* Begin PBXCopyFilesBuildPhase section */
		4F9DFFDF2F146F0100E01BFB /* Embed Foundation Extensions */ = {
			isa = PBXCopyFilesBuildPhase;
			buildActionMask = 2147483647;
			dstPath = "";
			dstSubfolderSpec = 13;
			files = (
				4F9DFFDA2F146F0100E01BFB /* AlerteTCLWidgetExtension.appex in Embed Foundation Extensions */,
			);
			name = "Embed Foundation Extensions";
			runOnlyForDeploymentPostprocessing = 0;
		};
/* End PBXCopyFilesBuildPhase section */

/* Begin PBXFileReference section */
		4F095CAE2F16E92F001D059A /* UnifiedCluster.swift */ = {isa = PBXFileReference; lastKnownFileType = sourcecode.swift; path = UnifiedCluster.swift; sourceTree = "<group>"; };
		4F095CB02F16EA78001D059A /* ViewportFilter.swift */ = {isa = PBXFileReference; lastKnownFileType = sourcecode.swift; path = ViewportFilter.swift; sourceTree = "<group>"; };
		4F38BD1F2F1591C000E05786 /* BusLine.swift */ = {isa = PBXFileReference; lastKnownFileType = sourcecode.swift; path = BusLine.swift; sourceTree = "<group>"; };
		4F38BD212F1591C900E05786 /* BusLineService.swift */ = {isa = PBXFileReference; lastKnownFileType = sourcecode.swift; path = BusLineService.swift; sourceTree = "<group>"; };
		4F38BD232F159CBE00E05786 /* MetroLineService.swift */ = {isa = PBXFileReference; lastKnownFileType = sourcecode.swift; path = MetroLineService.swift; sourceTree = "<group>"; };
		4F38BD252F159CCA00E05786 /* MetroLine.swift */ = {isa = PBXFileReference; lastKnownFileType = sourcecode.swift; path = MetroLine.swift; sourceTree = "<group>"; };
		4F38BD272F15B0AC00E05786 /* Travaux.swift */ = {isa = PBXFileReference; lastKnownFileType = sourcecode.swift; path = Travaux.swift; sourceTree = "<group>"; };
		4F38BD292F15B0BB00E05786 /* TravauxService.swift */ = {isa = PBXFileReference; lastKnownFileType = sourcecode.swift; path = TravauxService.swift; sourceTree = "<group>"; };
		4F38BD2D2F15B0E200E05786 /* TravauxViewModel.swift */ = {isa = PBXFileReference; lastKnownFileType = sourcecode.swift; path = TravauxViewModel.swift; sourceTree = "<group>"; };
		4F38BD2F2F15B17000E05786 /* TravauxMapView.swift */ = {isa = PBXFileReference; lastKnownFileType = sourcecode.swift; path = TravauxMapView.swift; sourceTree = "<group>"; };
		4F39DE022F1BABC200F24E3D /* NetworkConfiguration.swift */ = {isa = PBXFileReference; lastKnownFileType = sourcecode.swift; path = NetworkConfiguration.swift; sourceTree = "<group>"; };
		4F9DFF992F14577200E01BFB /* ParkingMapView.swift */ = {isa = PBXFileReference; lastKnownFileType = sourcecode.swift; path = ParkingMapView.swift; sourceTree = "<group>"; };
		4F9DFF9C2F1457E200E01BFB /* Parking.swift */ = {isa = PBXFileReference; lastKnownFileType = sourcecode.swift; path = Parking.swift; sourceTree = "<group>"; };
		4F9DFF9E2F1457EE00E01BFB /* FavoriteLinesService.swift */ = {isa = PBXFileReference; lastKnownFileType = sourcecode.swift; path = FavoriteLinesService.swift; sourceTree = "<group>"; };
		4F9DFF9F2F1457EE00E01BFB /* ParkingService.swift */ = {isa = PBXFileReference; lastKnownFileType = sourcecode.swift; path = ParkingService.swift; sourceTree = "<group>"; };
		4F9DFFA22F1457F900E01BFB /* ParkingViewModel.swift */ = {isa = PBXFileReference; lastKnownFileType = sourcecode.swift; path = ParkingViewModel.swift; sourceTree = "<group>"; };
		4F9DFFA62F14667B00E01BFB /* Stop.swift */ = {isa = PBXFileReference; lastKnownFileType = sourcecode.swift; path = Stop.swift; sourceTree = "<group>"; };
		4F9DFFB82F146B6F00E01BFB /* tcl_stops.json */ = {isa = PBXFileReference; lastKnownFileType = text.json; name = tcl_stops.json; path = Resources/tcl_stops.json; sourceTree = "<group>"; };
		4F9DFFBA2F146D4B00E01BFB /* SettingsView.swift */ = {isa = PBXFileReference; lastKnownFileType = sourcecode.swift; path = SettingsView.swift; sourceTree = "<group>"; };
		4F9DFFC42F146EFE00E01BFB /* AlerteTCLWidgetExtension.appex */ = {isa = PBXFileReference; explicitFileType = "wrapper.app-extension"; includeInIndex = 0; path = AlerteTCLWidgetExtension.appex; sourceTree = BUILT_PRODUCTS_DIR; };
		4F9DFFC62F146EFE00E01BFB /* WidgetKit.framework */ = {isa = PBXFileReference; lastKnownFileType = wrapper.framework; name = WidgetKit.framework; path = System/Library/Frameworks/WidgetKit.framework; sourceTree = SDKROOT; };
		4F9DFFC82F146EFE00E01BFB /* SwiftUI.framework */ = {isa = PBXFileReference; lastKnownFileType = wrapper.framework; name = SwiftUI.framework; path = System/Library/Frameworks/SwiftUI.framework; sourceTree = SDKROOT; };
		4F9DFFE02F14700200E01BFB /* AlerteTCL.entitlements */ = {isa = PBXFileReference; lastKnownFileType = text.plist.entitlements; path = AlerteTCL.entitlements; sourceTree = "<group>"; };
		4F9DFFE12F14705300E01BFB /* AlerteTCLWidgetExtension.entitlements */ = {isa = PBXFileReference; lastKnownFileType = text.plist.entitlements; path = AlerteTCLWidgetExtension.entitlements; sourceTree = "<group>"; };
		4F9DFFEA2F147FA400E01BFB /* RecentItemsService.swift */ = {isa = PBXFileReference; lastKnownFileType = sourcecode.swift; path = RecentItemsService.swift; sourceTree = "<group>"; };
		4FCB1FC52F1EC6D90031B71E /* SpatialTileCache.swift */ = {isa = PBXFileReference; lastKnownFileType = sourcecode.swift; path = SpatialTileCache.swift; sourceTree = "<group>"; };
		4FCB1FC72F1EC8B60031B71E /* PerformanceOptimizations.swift */ = {isa = PBXFileReference; lastKnownFileType = sourcecode.swift; path = PerformanceOptimizations.swift; sourceTree = "<group>"; };
		4FCB1FC92F1ECA340031B71E /* SecretsManager.swift */ = {isa = PBXFileReference; lastKnownFileType = sourcecode.swift; path = SecretsManager.swift; sourceTree = "<group>"; };
		4FCD05DE2F1704F700390BE1 /* TransitStopService.swift */ = {isa = PBXFileReference; lastKnownFileType = sourcecode.swift; path = TransitStopService.swift; sourceTree = "<group>"; };
		4FCD05E02F17051200390BE1 /* TransitStop.swift */ = {isa = PBXFileReference; lastKnownFileType = sourcecode.swift; path = TransitStop.swift; sourceTree = "<group>"; };
		4FCD05E22F17056D00390BE1 /* TransitStopViews.swift */ = {isa = PBXFileReference; lastKnownFileType = sourcecode.swift; path = TransitStopViews.swift; sourceTree = "<group>"; };
		4FD305002F1E5FC300EAFA92 /* TaskTimeout.swift */ = {isa = PBXFileReference; lastKnownFileType = sourcecode.swift; path = TaskTimeout.swift; sourceTree = "<group>"; };
		4FD305022F1E60AE00EAFA92 /* DataSourceStatus.swift */ = {isa = PBXFileReference; lastKnownFileType = sourcecode.swift; path = DataSourceStatus.swift; sourceTree = "<group>"; };
		4FD305042F1E60C600EAFA92 /* DataSourceErrorsSheet.swift */ = {isa = PBXFileReference; lastKnownFileType = sourcecode.swift; path = DataSourceErrorsSheet.swift; sourceTree = "<group>"; };
		4FD3050A2F1E686900EAFA92 /* WidgetStopStorage.swift */ = {isa = PBXFileReference; lastKnownFileType = sourcecode.swift; path = WidgetStopStorage.swift; sourceTree = "<group>"; };
		4FD3050C2F1E68CB00EAFA92 /* WidgetStopSelectionView.swift */ = {isa = PBXFileReference; lastKnownFileType = sourcecode.swift; path = WidgetStopSelectionView.swift; sourceTree = "<group>"; };
		AAA00010 /* AlerteTCL.app */ = {isa = PBXFileReference; explicitFileType = wrapper.application; includeInIndex = 0; path = AlerteTCL.app; sourceTree = BUILT_PRODUCTS_DIR; };
		AAA00011 /* AlerteTCLApp.swift */ = {isa = PBXFileReference; lastKnownFileType = sourcecode.swift; path = AlerteTCLApp.swift; sourceTree = "<group>"; };
		AAA00012 /* ContentView.swift */ = {isa = PBXFileReference; lastKnownFileType = sourcecode.swift; path = ContentView.swift; sourceTree = "<group>"; };
		AAA00013 /* Assets.xcassets */ = {isa = PBXFileReference; lastKnownFileType = folder.assetcatalog; path = Assets.xcassets; sourceTree = "<group>"; };
		AAA00014 /* Alert.swift */ = {isa = PBXFileReference; lastKnownFileType = sourcecode.swift; path = Alert.swift; sourceTree = "<group>"; };
		AAA00015 /* TransportLine.swift */ = {isa = PBXFileReference; lastKnownFileType = sourcecode.swift; path = TransportLine.swift; sourceTree = "<group>"; };
		AAA00016 /* TCLAPIService.swift */ = {isa = PBXFileReference; lastKnownFileType = sourcecode.swift; path = TCLAPIService.swift; sourceTree = "<group>"; };
		AAA00017 /* NotificationService.swift */ = {isa = PBXFileReference; lastKnownFileType = sourcecode.swift; path = NotificationService.swift; sourceTree = "<group>"; };
		AAA00018 /* SubscriptionService.swift */ = {isa = PBXFileReference; lastKnownFileType = sourcecode.swift; path = SubscriptionService.swift; sourceTree = "<group>"; };
		AAA00019 /* AlertViewModel.swift */ = {isa = PBXFileReference; lastKnownFileType = sourcecode.swift; path = AlertViewModel.swift; sourceTree = "<group>"; };
		AAA0001A /* AlertsView.swift */ = {isa = PBXFileReference; lastKnownFileType = sourcecode.swift; path = AlertsView.swift; sourceTree = "<group>"; };
		AAA0001B /* LinesListView.swift */ = {isa = PBXFileReference; lastKnownFileType = sourcecode.swift; path = LinesListView.swift; sourceTree = "<group>"; };
		AAA0001C /* SubscriptionsView.swift */ = {isa = PBXFileReference; lastKnownFileType = sourcecode.swift; path = SubscriptionsView.swift; sourceTree = "<group>"; };
		AAA0001D /* LineRow.swift */ = {isa = PBXFileReference; lastKnownFileType = sourcecode.swift; path = LineRow.swift; sourceTree = "<group>"; };
		AAA0001E /* AlertCard.swift */ = {isa = PBXFileReference; lastKnownFileType = sourcecode.swift; path = AlertCard.swift; sourceTree = "<group>"; };
		AAA0001F /* Info.plist */ = {isa = PBXFileReference; lastKnownFileType = text.plist.xml; path = Info.plist; sourceTree = "<group>"; };
		AAA00020 /* NotificationPermissionView.swift */ = {isa = PBXFileReference; lastKnownFileType = sourcecode.swift; path = NotificationPermissionView.swift; sourceTree = "<group>"; };
		AAA00021 /* StatCard.swift */ = {isa = PBXFileReference; lastKnownFileType = sourcecode.swift; path = StatCard.swift; sourceTree = "<group>"; };
		AAA00025 /* Vehicle.swift */ = {isa = PBXFileReference; lastKnownFileType = sourcecode.swift; path = Vehicle.swift; sourceTree = "<group>"; };
		AAA00027 /* SIRILiteService.swift */ = {isa = PBXFileReference; lastKnownFileType = sourcecode.swift; path = SIRILiteService.swift; sourceTree = "<group>"; };
		AAA00029 /* LiveVehiclesViewModel.swift */ = {isa = PBXFileReference; lastKnownFileType = sourcecode.swift; path = LiveVehiclesViewModel.swift; sourceTree = "<group>"; };
		AAA0002B /* LiveMapView.swift */ = {isa = PBXFileReference; lastKnownFileType = sourcecode.swift; path = LiveMapView.swift; sourceTree = "<group>"; };
		AAA0002D /* AnimatedVehicle.swift */ = {isa = PBXFileReference; lastKnownFileType = sourcecode.swift; path = AnimatedVehicle.swift; sourceTree = "<group>"; };
		AAA0002F /* LocationService.swift */ = {isa = PBXFileReference; lastKnownFileType = sourcecode.swift; path = LocationService.swift; sourceTree = "<group>"; };
		AAA00031 /* LocationPermissionView.swift */ = {isa = PBXFileReference; lastKnownFileType = sourcecode.swift; path = LocationPermissionView.swift; sourceTree = "<group>"; };
		ADE67FC52F9419ED0003ADB9 /* Secrets.swift */ = {isa = PBXFileReference; lastKnownFileType = sourcecode.swift; name = Secrets.swift; path = AlerteTCL/Services/Secrets.swift; sourceTree = "<group>"; };
		ADE67FCA2F941A6D0003ADB9 /* Secrets.swift */ = {isa = PBXFileReference; lastKnownFileType = sourcecode.swift; name = Secrets.swift; path = Services/Secrets.swift; sourceTree = "<group>"; };
/* End PBXFileReference section */

/* Begin PBXFileSystemSynchronizedBuildFileExceptionSet section */
		4F9DFFDB2F146F0100E01BFB /* PBXFileSystemSynchronizedBuildFileExceptionSet */ = {
			isa = PBXFileSystemSynchronizedBuildFileExceptionSet;
			membershipExceptions = (
				Info.plist,
			);
			target = 4F9DFFC32F146EFE00E01BFB /* AlerteTCLWidgetExtension */;
		};
/* End PBXFileSystemSynchronizedBuildFileExceptionSet section */

/* Begin PBXFileSystemSynchronizedRootGroup section */
		4F9DFFCA2F146EFE00E01BFB /* AlerteTCLWidget */ = {isa = PBXFileSystemSynchronizedRootGroup; exceptions = (4F9DFFDB2F146F0100E01BFB /* PBXFileSystemSynchronizedBuildFileExceptionSet */, ); explicitFileTypes = {}; explicitFolders = (); path = AlerteTCLWidget; sourceTree = "<group>"; };
/* End PBXFileSystemSynchronizedRootGroup section */

/* Begin PBXFrameworksBuildPhase section */
		4F9DFFC12F146EFE00E01BFB /* Frameworks */ = {
			isa = PBXFrameworksBuildPhase;
			buildActionMask = 2147483647;
			files = (
				4F9DFFC92F146EFE00E01BFB /* SwiftUI.framework in Frameworks */,
				4F9DFFC72F146EFE00E01BFB /* WidgetKit.framework in Frameworks */,
			);
			runOnlyForDeploymentPostprocessing = 0;
		};
		AAA00022 /* Frameworks */ = {
			isa = PBXFrameworksBuildPhase;
			buildActionMask = 2147483647;
			files = (
			);
			runOnlyForDeploymentPostprocessing = 0;
		};
/* End PBXFrameworksBuildPhase section */

/* Begin PBXGroup section */
		4F095CB12F16EA78001D059A /* Utilities */ = {
			isa = PBXGroup;
			children = (
				4FCB1FC72F1EC8B60031B71E /* PerformanceOptimizations.swift */,
				4FCB1FC52F1EC6D90031B71E /* SpatialTileCache.swift */,
				4FD305002F1E5FC300EAFA92 /* TaskTimeout.swift */,
				4F095CB02F16EA78001D059A /* ViewportFilter.swift */,
			);
			path = Utilities;
			sourceTree = "<group>";
		};
		4F9DFFC52F146EFE00E01BFB /* Frameworks */ = {
			isa = PBXGroup;
			children = (
				4F9DFFC62F146EFE00E01BFB /* WidgetKit.framework */,
				4F9DFFC82F146EFE00E01BFB /* SwiftUI.framework */,
			);
			name = Frameworks;
			sourceTree = "<group>";
		};
		AAA00032 /* Products */ = {
			isa = PBXGroup;
			children = (
				AAA00010 /* AlerteTCL.app */,
				4F9DFFC42F146EFE00E01BFB /* AlerteTCLWidgetExtension.appex */,
			);
			name = Products;
			sourceTree = "<group>";
		};
		AAA00033 /* Models */ = {
			isa = PBXGroup;
			children = (
				4FD305022F1E60AE00EAFA92 /* DataSourceStatus.swift */,
				4FCD05E02F17051200390BE1 /* TransitStop.swift */,
				4F38BD272F15B0AC00E05786 /* Travaux.swift */,
				4F095CAE2F16E92F001D059A /* UnifiedCluster.swift */,
				4F38BD252F159CCA00E05786 /* MetroLine.swift */,
				4F38BD1F2F1591C000E05786 /* BusLine.swift */,
				4F9DFFA62F14667B00E01BFB /* Stop.swift */,
				4F9DFF9C2F1457E200E01BFB /* Parking.swift */,
				AAA00014 /* Alert.swift */,
				AAA00015 /* TransportLine.swift */,
				AAA00025 /* Vehicle.swift */,
				AAA0002D /* AnimatedVehicle.swift */,
			);
			path = Models;
			sourceTree = "<group>";
		};
		AAA00034 /* Services */ = {
			isa = PBXGroup;
			children = (
				4FCB1FC92F1ECA340031B71E /* SecretsManager.swift */,
				4FD3050A2F1E686900EAFA92 /* WidgetStopStorage.swift */,
				4F39DE022F1BABC200F24E3D /* NetworkConfiguration.swift */,
				4FCD05DE2F1704F700390BE1 /* TransitStopService.swift */,
				4F38BD292F15B0BB00E05786 /* TravauxService.swift */,
				4F38BD232F159CBE00E05786 /* MetroLineService.swift */,
				4F38BD212F1591C900E05786 /* BusLineService.swift */,
				4F9DFFEA2F147FA400E01BFB /* RecentItemsService.swift */,
				4F9DFF9E2F1457EE00E01BFB /* FavoriteLinesService.swift */,
				4F9DFF9F2F1457EE00E01BFB /* ParkingService.swift */,
				AAA00016 /* TCLAPIService.swift */,
				AAA00017 /* NotificationService.swift */,
				AAA00018 /* SubscriptionService.swift */,
				AAA00027 /* SIRILiteService.swift */,
				AAA0002F /* LocationService.swift */,
			);
			path = Services;
			sourceTree = "<group>";
		};
		AAA00035 /* ViewModels */ = {
			isa = PBXGroup;
			children = (
				4F38BD2D2F15B0E200E05786 /* TravauxViewModel.swift */,
				4F9DFFA22F1457F900E01BFB /* ParkingViewModel.swift */,
				AAA00019 /* AlertViewModel.swift */,
				AAA00029 /* LiveVehiclesViewModel.swift */,
			);
			path = ViewModels;
			sourceTree = "<group>";
		};
		AAA00036 /* Views */ = {
			isa = PBXGroup;
			children = (
				4FD3050C2F1E68CB00EAFA92 /* WidgetStopSelectionView.swift */,
				4FD305042F1E60C600EAFA92 /* DataSourceErrorsSheet.swift */,
				4FCD05E22F17056D00390BE1 /* TransitStopViews.swift */,
				4F38BD2F2F15B17000E05786 /* TravauxMapView.swift */,
				4F9DFFBA2F146D4B00E01BFB /* SettingsView.swift */,
				4F9DFF992F14577200E01BFB /* ParkingMapView.swift */,
				AAA00012 /* ContentView.swift */,
				AAA0001A /* AlertsView.swift */,
				AAA0001B /* LinesListView.swift */,
				AAA0001C /* SubscriptionsView.swift */,
				AAA00020 /* NotificationPermissionView.swift */,
				AAA00031 /* LocationPermissionView.swift */,
				AAA0002B /* LiveMapView.swift */,
				AAA00037 /* Components */,
			);
			path = Views;
			sourceTree = "<group>";
		};
		4FAUDIT002F1A000000000001 /* InitialLocationModifier.swift */ = {isa = PBXFileReference; lastKnownFileType = sourcecode.swift; path = InitialLocationModifier.swift; sourceTree = "<group>"; };
		AAA00037 /* Components */ = {
			isa = PBXGroup;
			children = (
				AAA0001D /* LineRow.swift */,
				AAA0001E /* AlertCard.swift */,
				AAA00021 /* StatCard.swift */,
				4FAUDIT002F1A000000000001 /* InitialLocationModifier.swift */,
			);
			path = Components;
			sourceTree = "<group>";
		};
		AAA00038 /* AlerteTCL */ = {
			isa = PBXGroup;
			children = (
				ADE67FCA2F941A6D0003ADB9 /* Secrets.swift */,
				4F095CB12F16EA78001D059A /* Utilities */,
				4F9DFFE02F14700200E01BFB /* AlerteTCL.entitlements */,
				4F9DFFB82F146B6F00E01BFB /* tcl_stops.json */,
				AAA00011 /* AlerteTCLApp.swift */,
				AAA00033 /* Models */,
				AAA00034 /* Services */,
				AAA00035 /* ViewModels */,
				AAA00036 /* Views */,
				AAA00013 /* Assets.xcassets */,
				AAA0001F /* Info.plist */,
			);
			path = AlerteTCL;
			sourceTree = "<group>";
		};
		AAA0003A = {
			isa = PBXGroup;
			children = (
				ADE67FC52F9419ED0003ADB9 /* Secrets.swift */,
				4F9DFFE12F14705300E01BFB /* AlerteTCLWidgetExtension.entitlements */,
				AAA00038 /* AlerteTCL */,
				4F9DFFCA2F146EFE00E01BFB /* AlerteTCLWidget */,
				4F9DFFC52F146EFE00E01BFB /* Frameworks */,
				AAA00032 /* Products */,
			);
			sourceTree = "<group>";
		};
/* End PBXGroup section */

/* Begin PBXNativeTarget section */
		4F9DFFC32F146EFE00E01BFB /* AlerteTCLWidgetExtension */ = {
			isa = PBXNativeTarget;
			buildConfigurationList = 4F9DFFDC2F146F0100E01BFB /* Build configuration list for PBXNativeTarget "AlerteTCLWidgetExtension" */;
			buildPhases = (
				4F9DFFC02F146EFE00E01BFB /* Sources */,
				4F9DFFC12F146EFE00E01BFB /* Frameworks */,
				4F9DFFC22F146EFE00E01BFB /* Resources */,
			);
			buildRules = (
			);
			dependencies = (
			);
			fileSystemSynchronizedGroups = (
				4F9DFFCA2F146EFE00E01BFB /* AlerteTCLWidget */,
			);
			name = AlerteTCLWidgetExtension;
			packageProductDependencies = (
			);
			productName = AlerteTCLWidgetExtension;
			productReference = 4F9DFFC42F146EFE00E01BFB /* AlerteTCLWidgetExtension.appex */;
			productType = "com.apple.product-type.app-extension";
		};
		AAA00040 /* AlerteTCL */ = {
			isa = PBXNativeTarget;
			buildConfigurationList = AAA00041 /* Build configuration list for PBXNativeTarget "AlerteTCL" */;
			buildPhases = (
				AAA00042 /* Sources */,
				AAA00022 /* Frameworks */,
				AAA00043 /* Resources */,
				4F9DFFDF2F146F0100E01BFB /* Embed Foundation Extensions */,
			);
			buildRules = (
			);
			dependencies = (
				4F9DFFD92F146F0100E01BFB /* PBXTargetDependency */,
				4F9DFFE52F14764800E01BFB /* PBXTargetDependency */,
				4F9DFFE72F14783C00E01BFB /* PBXTargetDependency */,
			);
			name = AlerteTCL;
			productName = AlerteTCL;
			productReference = AAA00010 /* AlerteTCL.app */;
			productType = "com.apple.product-type.application";
		};
/* End PBXNativeTarget section */

/* Begin PBXProject section */
		AAA00050 /* Project object */ = {
			isa = PBXProject;
			attributes = {
				BuildIndependentTargetsInParallel = 1;
				LastSwiftUpdateCheck = 2610;
				LastUpgradeCheck = 2610;
				TargetAttributes = {
					4F9DFFC32F146EFE00E01BFB = {
						CreatedOnToolsVersion = 26.1;
					};
					AAA00040 = {
						CreatedOnToolsVersion = 15.0;
					};
				};
			};
			buildConfigurationList = AAA00051 /* Build configuration list for PBXProject "AlerteTCL" */;
			compatibilityVersion = "Xcode 14.0";
			developmentRegion = fr;
			hasScannedForEncodings = 0;
			knownRegions = (
				en,
				Base,
				fr,
			);
			mainGroup = AAA0003A;
			productRefGroup = AAA00032 /* Products */;
			projectDirPath = "";
			projectRoot = "";
			targets = (
				AAA00040 /* AlerteTCL */,
				4F9DFFC32F146EFE00E01BFB /* AlerteTCLWidgetExtension */,
			);
		};
/* End PBXProject section */

/* Begin PBXResourcesBuildPhase section */
		4F9DFFC22F146EFE00E01BFB /* Resources */ = {
			isa = PBXResourcesBuildPhase;
			buildActionMask = 2147483647;
			files = (
			);
			runOnlyForDeploymentPostprocessing = 0;
		};
		AAA00043 /* Resources */ = {
			isa = PBXResourcesBuildPhase;
			buildActionMask = 2147483647;
			files = (
				AAA00003 /* Assets.xcassets in Resources */,
				4F9DFFB92F146B6F00E01BFB /* tcl_stops.json in Resources */,
			);
			runOnlyForDeploymentPostprocessing = 0;
		};
/* End PBXResourcesBuildPhase section */

/* Begin PBXSourcesBuildPhase section */
		4F9DFFC02F146EFE00E01BFB /* Sources */ = {
			isa = PBXSourcesBuildPhase;
			buildActionMask = 2147483647;
			files = (
				ADE67FC62F9419ED0003ADB9 /* Secrets.swift in Sources */,
			);
			runOnlyForDeploymentPostprocessing = 0;
		};
		AAA00042 /* Sources */ = {
			isa = PBXSourcesBuildPhase;
			buildActionMask = 2147483647;
			files = (
				4FD3050B2F1E686900EAFA92 /* WidgetStopStorage.swift in Sources */,
				AAA00001 /* AlerteTCLApp.swift in Sources */,
				AAA00002 /* ContentView.swift in Sources */,
				4FCB1FCA2F1ECA340031B71E /* SecretsManager.swift in Sources */,
				AAA00004 /* Alert.swift in Sources */,
				4F38BD302F15B17000E05786 /* TravauxMapView.swift in Sources */,
				AAA00005 /* TransportLine.swift in Sources */,
				AAA00006 /* TCLAPIService.swift in Sources */,
				4FD305032F1E60AE00EAFA92 /* DataSourceStatus.swift in Sources */,
				AAA00007 /* NotificationService.swift in Sources */,
				4F9DFFBB2F146D4B00E01BFB /* SettingsView.swift in Sources */,
				AAA00008 /* SubscriptionService.swift in Sources */,
				4F9DFFEB2F147FA400E01BFB /* RecentItemsService.swift in Sources */,
				4FCB1FC82F1EC8B60031B71E /* PerformanceOptimizations.swift in Sources */,
				4F095CB22F16EA78001D059A /* ViewportFilter.swift in Sources */,
				4F38BD202F1591C000E05786 /* BusLine.swift in Sources */,
				4F38BD282F15B0AC00E05786 /* Travaux.swift in Sources */,
				4F38BD2E2F15B0E200E05786 /* TravauxViewModel.swift in Sources */,
				4FCD05DF2F1704F700390BE1 /* TransitStopService.swift in Sources */,
				4F38BD262F159CCA00E05786 /* MetroLine.swift in Sources */,
				4F9DFF9D2F1457E200E01BFB /* Parking.swift in Sources */,
				4FCD05E12F17051200390BE1 /* TransitStop.swift in Sources */,
				AAA00009 /* AlertViewModel.swift in Sources */,
				4F9DFFA02F1457EE00E01BFB /* FavoriteLinesService.swift in Sources */,
				4F095CAF2F16E92F001D059A /* UnifiedCluster.swift in Sources */,
				4F9DFFA12F1457EE00E01BFB /* ParkingService.swift in Sources */,
				AAA0000A /* AlertsView.swift in Sources */,
				AAA0000B /* LinesListView.swift in Sources */,
				4F9DFFA72F14667B00E01BFB /* Stop.swift in Sources */,
				4FCB1FC62F1EC6D90031B71E /* SpatialTileCache.swift in Sources */,
				AAA0000C /* SubscriptionsView.swift in Sources */,
				ADE67FCB2F941A6D0003ADB9 /* Secrets.swift in Sources */,
				4F39DE032F1BABC200F24E3D /* NetworkConfiguration.swift in Sources */,
				AAA0000D /* LineRow.swift in Sources */,
				4F9DFF9A2F14577200E01BFB /* ParkingMapView.swift in Sources */,
				AAA0000E /* AlertCard.swift in Sources */,
				4FAUDIT012F1A000000000001 /* InitialLocationModifier.swift in Sources */,
				AAA0000F /* NotificationPermissionView.swift in Sources */,
				4F38BD2A2F15B0BB00E05786 /* TravauxService.swift in Sources */,
				4FCD05E32F17056D00390BE1 /* TransitStopViews.swift in Sources */,
				AAA00023 /* StatCard.swift in Sources */,
				4F38BD242F159CBE00E05786 /* MetroLineService.swift in Sources */,
				4FD3050D2F1E68CB00EAFA92 /* WidgetStopSelectionView.swift in Sources */,
				AAA00024 /* Vehicle.swift in Sources */,
				AAA00026 /* SIRILiteService.swift in Sources */,
				AAA00028 /* LiveVehiclesViewModel.swift in Sources */,
				4FD305052F1E60C600EAFA92 /* DataSourceErrorsSheet.swift in Sources */,
				AAA0002A /* LiveMapView.swift in Sources */,
				AAA0002C /* AnimatedVehicle.swift in Sources */,
				AAA0002E /* LocationService.swift in Sources */,
				AAA00039 /* LocationPermissionView.swift in Sources */,
				4FD305012F1E5FC300EAFA92 /* TaskTimeout.swift in Sources */,
				4F38BD222F1591C900E05786 /* BusLineService.swift in Sources */,
				4F9DFFA32F1457F900E01BFB /* ParkingViewModel.swift in Sources */,
			);
			runOnlyForDeploymentPostprocessing = 0;
		};
/* End PBXSourcesBuildPhase section */

/* Begin PBXTargetDependency section */
		4F9DFFD92F146F0100E01BFB /* PBXTargetDependency */ = {
			isa = PBXTargetDependency;
			target = 4F9DFFC32F146EFE00E01BFB /* AlerteTCLWidgetExtension */;
			targetProxy = 4F9DFFD82F146F0100E01BFB /* PBXContainerItemProxy */;
		};
		4F9DFFE52F14764800E01BFB /* PBXTargetDependency */ = {
			isa = PBXTargetDependency;
			target = 4F9DFFC32F146EFE00E01BFB /* AlerteTCLWidgetExtension */;
			targetProxy = 4F9DFFE42F14764800E01BFB /* PBXContainerItemProxy */;
		};
		4F9DFFE72F14783C00E01BFB /* PBXTargetDependency */ = {
			isa = PBXTargetDependency;
			target = 4F9DFFC32F146EFE00E01BFB /* AlerteTCLWidgetExtension */;
			targetProxy = 4F9DFFE62F14783C00E01BFB /* PBXContainerItemProxy */;
		};
/* End PBXTargetDependency section */

/* Begin XCBuildConfiguration section */
		4F9DFFDD2F146F0100E01BFB /* Debug */ = {
			isa = XCBuildConfiguration;
			buildSettings = {
				ASSETCATALOG_COMPILER_GLOBAL_ACCENT_COLOR_NAME = AccentColor;
				ASSETCATALOG_COMPILER_WIDGET_BACKGROUND_COLOR_NAME = WidgetBackground;
				CODE_SIGN_ENTITLEMENTS = AlerteTCLWidgetExtension.entitlements;
				CODE_SIGN_STYLE = Automatic;
				CURRENT_PROJECT_VERSION = 1;
				GENERATE_INFOPLIST_FILE = YES;
				INFOPLIST_FILE = AlerteTCLWidget/Info.plist;
				INFOPLIST_KEY_CFBundleDisplayName = AlerteTCLWidget;
				INFOPLIST_KEY_NSHumanReadableCopyright = "";
				IPHONEOS_DEPLOYMENT_TARGET = 17.6;
				LD_RUNPATH_SEARCH_PATHS = (
					"$(inherited)",
					"@executable_path/Frameworks",
					"@executable_path/../../Frameworks",
				);
				MARKETING_VERSION = 1.0;
				PRODUCT_BUNDLE_IDENTIFIER = com.solal.AlerteTCL.AlerteTCLWidget;
				PRODUCT_NAME = "$(TARGET_NAME)";
				SKIP_INSTALL = YES;
				STRING_CATALOG_GENERATE_SYMBOLS = YES;
				SWIFT_APPROACHABLE_CONCURRENCY = YES;
				SWIFT_EMIT_LOC_STRINGS = YES;
				SWIFT_UPCOMING_FEATURE_MEMBER_IMPORT_VISIBILITY = YES;
				SWIFT_VERSION = 5.0;
				TARGETED_DEVICE_FAMILY = "1,2";
			};
			name = Debug;
		};
		4F9DFFDE2F146F0100E01BFB /* Release */ = {
			isa = XCBuildConfiguration;
			buildSettings = {
				ASSETCATALOG_COMPILER_GLOBAL_ACCENT_COLOR_NAME = AccentColor;
				ASSETCATALOG_COMPILER_WIDGET_BACKGROUND_COLOR_NAME = WidgetBackground;
				CODE_SIGN_ENTITLEMENTS = AlerteTCLWidgetExtension.entitlements;
				CODE_SIGN_STYLE = Automatic;
				CURRENT_PROJECT_VERSION = 1;
				GENERATE_INFOPLIST_FILE = YES;
				INFOPLIST_FILE = AlerteTCLWidget/Info.plist;
				INFOPLIST_KEY_CFBundleDisplayName = AlerteTCLWidget;
				INFOPLIST_KEY_NSHumanReadableCopyright = "";
				IPHONEOS_DEPLOYMENT_TARGET = 17.6;
				LD_RUNPATH_SEARCH_PATHS = (
					"$(inherited)",
					"@executable_path/Frameworks",
					"@executable_path/../../Frameworks",
				);
				MARKETING_VERSION = 1.0;
				PRODUCT_BUNDLE_IDENTIFIER = com.solal.AlerteTCL.AlerteTCLWidget;
				PRODUCT_NAME = "$(TARGET_NAME)";
				SKIP_INSTALL = YES;
				STRING_CATALOG_GENERATE_SYMBOLS = YES;
				SWIFT_APPROACHABLE_CONCURRENCY = YES;
				SWIFT_EMIT_LOC_STRINGS = YES;
				SWIFT_UPCOMING_FEATURE_MEMBER_IMPORT_VISIBILITY = YES;
				SWIFT_VERSION = 5.0;
				TARGETED_DEVICE_FAMILY = "1,2";
			};
			name = Release;
		};
		AAA00060 /* Debug */ = {
			isa = XCBuildConfiguration;
			buildSettings = {
				ALWAYS_SEARCH_USER_PATHS = NO;
				ASSETCATALOG_COMPILER_GENERATE_SWIFT_ASSET_SYMBOL_EXTENSIONS = YES;
				CLANG_ANALYZER_LOCALIZABILITY_NONLOCALIZED = YES;
				CLANG_ANALYZER_NONNULL = YES;
				CLANG_ANALYZER_NUMBER_OBJECT_CONVERSION = YES_AGGRESSIVE;
				CLANG_CXX_LANGUAGE_STANDARD = "gnu++20";
				CLANG_ENABLE_MODULES = YES;
				CLANG_ENABLE_OBJC_ARC = YES;
				CLANG_ENABLE_OBJC_WEAK = YES;
				CLANG_WARN_BLOCK_CAPTURE_AUTORELEASING = YES;
				CLANG_WARN_BOOL_CONVERSION = YES;
				CLANG_WARN_COMMA = YES;
				CLANG_WARN_CONSTANT_CONVERSION = YES;
				CLANG_WARN_DEPRECATED_OBJC_IMPLEMENTATIONS = YES;
				CLANG_WARN_DIRECT_OBJC_ISA_USAGE = YES_ERROR;
				CLANG_WARN_DOCUMENTATION_COMMENTS = YES;
				CLANG_WARN_EMPTY_BODY = YES;
				CLANG_WARN_ENUM_CONVERSION = YES;
				CLANG_WARN_INFINITE_RECURSION = YES;
				CLANG_WARN_INT_CONVERSION = YES;
				CLANG_WARN_NON_LITERAL_NULL_CONVERSION = YES;
				CLANG_WARN_OBJC_IMPLICIT_RETAIN_SELF = YES;
				CLANG_WARN_OBJC_LITERAL_CONVERSION = YES;
				CLANG_WARN_OBJC_ROOT_CLASS = YES_ERROR;
				CLANG_WARN_QUOTED_INCLUDE_IN_FRAMEWORK_HEADER = YES;
				CLANG_WARN_RANGE_LOOP_ANALYSIS = YES;
				CLANG_WARN_STRICT_PROTOTYPES = YES;
				CLANG_WARN_SUSPICIOUS_MOVE = YES;
				CLANG_WARN_UNGUARDED_AVAILABILITY = YES_AGGRESSIVE;
				CLANG_WARN_UNREACHABLE_CODE = YES;
				CLANG_WARN__DUPLICATE_METHOD_MATCH = YES;
				COPY_PHASE_STRIP = NO;
				DEBUG_INFORMATION_FORMAT = dwarf;
				DEVELOPMENT_TEAM = ZUTQ26CJ6T;
				ENABLE_STRICT_OBJC_MSGSEND = YES;
				ENABLE_TESTABILITY = YES;
				ENABLE_USER_SCRIPT_SANDBOXING = YES;
				GCC_C_LANGUAGE_STANDARD = gnu17;
				GCC_DYNAMIC_NO_PIC = NO;
				GCC_NO_COMMON_BLOCKS = YES;
				GCC_OPTIMIZATION_LEVEL = 0;
				GCC_PREPROCESSOR_DEFINITIONS = (
					"DEBUG=1",
					"$(inherited)",
				);
				GCC_WARN_64_TO_32_BIT_CONVERSION = YES;
				GCC_WARN_ABOUT_RETURN_TYPE = YES_ERROR;
				GCC_WARN_UNDECLARED_SELECTOR = YES;
				GCC_WARN_UNINITIALIZED_AUTOS = YES_AGGRESSIVE;
				GCC_WARN_UNUSED_FUNCTION = YES;
				GCC_WARN_UNUSED_VARIABLE = YES;
				IPHONEOS_DEPLOYMENT_TARGET = 17.0;
				LOCALIZATION_PREFERS_STRING_CATALOGS = YES;
				MTL_ENABLE_DEBUG_INFO = INCLUDE_SOURCE;
				MTL_FAST_MATH = YES;
				ONLY_ACTIVE_ARCH = YES;
				SDKROOT = iphoneos;
				STRING_CATALOG_GENERATE_SYMBOLS = YES;
				SWIFT_ACTIVE_COMPILATION_CONDITIONS = "DEBUG $(inherited)";
				SWIFT_OPTIMIZATION_LEVEL = "-Onone";
			};
			name = Debug;
		};
		AAA00061 /* Release */ = {
			isa = XCBuildConfiguration;
			buildSettings = {
				ALWAYS_SEARCH_USER_PATHS = NO;
				ASSETCATALOG_COMPILER_GENERATE_SWIFT_ASSET_SYMBOL_EXTENSIONS = YES;
				CLANG_ANALYZER_LOCALIZABILITY_NONLOCALIZED = YES;
				CLANG_ANALYZER_NONNULL = YES;
				CLANG_ANALYZER_NUMBER_OBJECT_CONVERSION = YES_AGGRESSIVE;
				CLANG_CXX_LANGUAGE_STANDARD = "gnu++20";
				CLANG_ENABLE_MODULES = YES;
				CLANG_ENABLE_OBJC_ARC = YES;
				CLANG_ENABLE_OBJC_WEAK = YES;
				CLANG_WARN_BLOCK_CAPTURE_AUTORELEASING = YES;
				CLANG_WARN_BOOL_CONVERSION = YES;
				CLANG_WARN_COMMA = YES;
				CLANG_WARN_CONSTANT_CONVERSION = YES;
				CLANG_WARN_DEPRECATED_OBJC_IMPLEMENTATIONS = YES;
				CLANG_WARN_DIRECT_OBJC_ISA_USAGE = YES_ERROR;
				CLANG_WARN_DOCUMENTATION_COMMENTS = YES;
				CLANG_WARN_EMPTY_BODY = YES;
				CLANG_WARN_ENUM_CONVERSION = YES;
				CLANG_WARN_INFINITE_RECURSION = YES;
				CLANG_WARN_INT_CONVERSION = YES;
				CLANG_WARN_NON_LITERAL_NULL_CONVERSION = YES;
				CLANG_WARN_OBJC_IMPLICIT_RETAIN_SELF = YES;
				CLANG_WARN_OBJC_LITERAL_CONVERSION = YES;
				CLANG_WARN_OBJC_ROOT_CLASS = YES_ERROR;
				CLANG_WARN_QUOTED_INCLUDE_IN_FRAMEWORK_HEADER = YES;
				CLANG_WARN_RANGE_LOOP_ANALYSIS = YES;
				CLANG_WARN_STRICT_PROTOTYPES = YES;
				CLANG_WARN_SUSPICIOUS_MOVE = YES;
				CLANG_WARN_UNGUARDED_AVAILABILITY = YES_AGGRESSIVE;
				CLANG_WARN_UNREACHABLE_CODE = YES;
				CLANG_WARN__DUPLICATE_METHOD_MATCH = YES;
				COPY_PHASE_STRIP = NO;
				DEBUG_INFORMATION_FORMAT = "dwarf-with-dsym";
				DEVELOPMENT_TEAM = ZUTQ26CJ6T;
				ENABLE_NS_ASSERTIONS = NO;
				ENABLE_STRICT_OBJC_MSGSEND = YES;
				ENABLE_USER_SCRIPT_SANDBOXING = YES;
				GCC_C_LANGUAGE_STANDARD = gnu17;
				GCC_NO_COMMON_BLOCKS = YES;
				GCC_WARN_64_TO_32_BIT_CONVERSION = YES;
				GCC_WARN_ABOUT_RETURN_TYPE = YES_ERROR;
				GCC_WARN_UNDECLARED_SELECTOR = YES;
				GCC_WARN_UNINITIALIZED_AUTOS = YES_AGGRESSIVE;
				GCC_WARN_UNUSED_FUNCTION = YES;
				GCC_WARN_UNUSED_VARIABLE = YES;
				IPHONEOS_DEPLOYMENT_TARGET = 17.0;
				LOCALIZATION_PREFERS_STRING_CATALOGS = YES;
				MTL_ENABLE_DEBUG_INFO = NO;
				MTL_FAST_MATH = YES;
				SDKROOT = iphoneos;
				STRING_CATALOG_GENERATE_SYMBOLS = YES;
				SWIFT_COMPILATION_MODE = wholemodule;
				VALIDATE_PRODUCT = YES;
			};
			name = Release;
		};
		AAA00062 /* Debug */ = {
			isa = XCBuildConfiguration;
			buildSettings = {
				ASSETCATALOG_COMPILER_APPICON_NAME = AppIcon;
				ASSETCATALOG_COMPILER_GLOBAL_ACCENT_COLOR_NAME = AccentColor;
				CODE_SIGN_ENTITLEMENTS = AlerteTCL/AlerteTCL.entitlements;
				CODE_SIGN_STYLE = Automatic;
				CURRENT_PROJECT_VERSION = 1;
				ENABLE_PREVIEWS = YES;
				GENERATE_INFOPLIST_FILE = YES;
				INFOPLIST_FILE = AlerteTCL/Info.plist;
				INFOPLIST_KEY_CFBundleDisplayName = "Alerte TCL";
				INFOPLIST_KEY_LSApplicationCategoryType = "public.app-category.travel";
				INFOPLIST_KEY_NSLocationWhenInUseUsageDescription = "Nous utilisons votre position pour centrer la carte sur votre localisation et vous montrer les transports en commun autour de vous.";
				INFOPLIST_KEY_UIApplicationSupportsIndirectInputEvents = YES;
				INFOPLIST_KEY_UIRequiredDeviceCapabilities = armv7;
				INFOPLIST_KEY_UISupportedInterfaceOrientations = UIInterfaceOrientationPortrait;
				INFOPLIST_KEY_UISupportedInterfaceOrientations_iPad = "UIInterfaceOrientationPortrait UIInterfaceOrientationPortraitUpsideDown UIInterfaceOrientationLandscapeLeft UIInterfaceOrientationLandscapeRight";
				LD_RUNPATH_SEARCH_PATHS = (
					"$(inherited)",
					"@executable_path/Frameworks",
				);
				MARKETING_VERSION = 1.0;
				PRODUCT_BUNDLE_IDENTIFIER = com.solal.AlerteTCL;
				PRODUCT_NAME = "$(TARGET_NAME)";
				SUPPORTED_PLATFORMS = "iphoneos iphonesimulator";
				SUPPORTS_MACCATALYST = NO;
				SUPPORTS_MAC_DESIGNED_FOR_IPHONE_IPAD = NO;
				SWIFT_EMIT_LOC_STRINGS = YES;
				SWIFT_VERSION = 5.0;
				TARGETED_DEVICE_FAMILY = "1,2";
			};
			name = Debug;
		};
		AAA00063 /* Release */ = {
			isa = XCBuildConfiguration;
			buildSettings = {
				ASSETCATALOG_COMPILER_APPICON_NAME = AppIcon;
				ASSETCATALOG_COMPILER_GLOBAL_ACCENT_COLOR_NAME = AccentColor;
				CODE_SIGN_ENTITLEMENTS = AlerteTCL/AlerteTCL.entitlements;
				CODE_SIGN_STYLE = Automatic;
				CURRENT_PROJECT_VERSION = 1;
				ENABLE_PREVIEWS = YES;
				GENERATE_INFOPLIST_FILE = YES;
				INFOPLIST_FILE = AlerteTCL/Info.plist;
				INFOPLIST_KEY_CFBundleDisplayName = "Alerte TCL";
				INFOPLIST_KEY_LSApplicationCategoryType = "public.app-category.travel";
				INFOPLIST_KEY_NSLocationWhenInUseUsageDescription = "Nous utilisons votre position pour centrer la carte sur votre localisation et vous montrer les transports en commun autour de vous.";
				INFOPLIST_KEY_UIApplicationSupportsIndirectInputEvents = YES;
				INFOPLIST_KEY_UIRequiredDeviceCapabilities = armv7;
				INFOPLIST_KEY_UISupportedInterfaceOrientations = UIInterfaceOrientationPortrait;
				INFOPLIST_KEY_UISupportedInterfaceOrientations_iPad = "UIInterfaceOrientationPortrait UIInterfaceOrientationPortraitUpsideDown UIInterfaceOrientationLandscapeLeft UIInterfaceOrientationLandscapeRight";
				LD_RUNPATH_SEARCH_PATHS = (
					"$(inherited)",
					"@executable_path/Frameworks",
				);
				MARKETING_VERSION = 1.0;
				PRODUCT_BUNDLE_IDENTIFIER = com.solal.AlerteTCL;
				PRODUCT_NAME = "$(TARGET_NAME)";
				SUPPORTED_PLATFORMS = "iphoneos iphonesimulator";
				SUPPORTS_MACCATALYST = NO;
				SUPPORTS_MAC_DESIGNED_FOR_IPHONE_IPAD = NO;
				SWIFT_EMIT_LOC_STRINGS = YES;
				SWIFT_VERSION = 5.0;
				TARGETED_DEVICE_FAMILY = "1,2";
			};
			name = Release;
		};
/* End XCBuildConfiguration section */

/* Begin XCConfigurationList section */
		4F9DFFDC2F146F0100E01BFB /* Build configuration list for PBXNativeTarget "AlerteTCLWidgetExtension" */ = {
			isa = XCConfigurationList;
			buildConfigurations = (
				4F9DFFDD2F146F0100E01BFB /* Debug */,
				4F9DFFDE2F146F0100E01BFB /* Release */,
			);
			defaultConfigurationIsVisible = 0;
			defaultConfigurationName = Release;
		};
		AAA00041 /* Build configuration list for PBXNativeTarget "AlerteTCL" */ = {
			isa = XCConfigurationList;
			buildConfigurations = (
				AAA00062 /* Debug */,
				AAA00063 /* Release */,
			);
			defaultConfigurationIsVisible = 0;
			defaultConfigurationName = Release;
		};
		AAA00051 /* Build configuration list for PBXProject "AlerteTCL" */ = {
			isa = XCConfigurationList;
			buildConfigurations = (
				AAA00060 /* Debug */,
				AAA00061 /* Release */,
			);
			defaultConfigurationIsVisible = 0;
			defaultConfigurationName = Release;
		};
/* End XCConfigurationList section */
	};
	rootObject = AAA00050 /* Project object */;
}
